
Microsoft Visual Studio Solution File, Format Version 12.00
# Visual Studio Version 17
VisualStudioVersion = 17.8.34601.278
MinimumVisualStudioVersion = 10.0.40219.1
Project("{2150E333-8FDC-42A3-9474-1A3956D46DE8}") = "src", "src", "{6ED356A7-8B47-4613-AD01-C85CF28491BD}"
EndProject
Project("{2150E333-8FDC-42A3-9474-1A3956D46DE8}") = "Core", "Core", "{8203666E-E71D-41E2-A780-0F34F0CBA8E7}"
EndProject
Project("{9A19103F-16F7-4668-BE54-9A1E7A4F7556}") = "E-commerceSystem.Application", "src\Core\E-commerceSystem.Application\E-commerceSystem.Application.csproj", "{194FEA20-F2AA-4489-9C80-A62235F4C48B}"
EndProject
Project("{9A19103F-16F7-4668-BE54-9A1E7A4F7556}") = "E-commerceSystem.Domain", "src\Core\E-commerceSystem.Domain\E-commerceSystem.Domain.csproj", "{C9726420-8053-41DF-9CA6-0049AA49B7FB}"
EndProject
Project("{2150E333-8FDC-42A3-9474-1A3956D46DE8}") = "Infrastructure", "Infrastructure", "{2C28795F-D969-467E-8D84-6CFFCC453D71}"
EndProject
Project("{9A19103F-16F7-4668-BE54-9A1E7A4F7556}") = "E-commerceSystem.Infrastructure", "src\Infrastructure\E-commerceSystem.Infrastructure\E-commerceSystem.Infrastructure.csproj", "{6B65E001-F4AE-4718-8F8A-AF983D9636ED}"
EndProject
Project("{9A19103F-16F7-4668-BE54-9A1E7A4F7556}") = "E-commerceSystem.Persistence", "src\Infrastructure\E-commerceSystem.Persistence\E-commerceSystem.Persistence.csproj", "{EC35E550-6746-48B1-A659-A96AB4F5D468}"
EndProject
Project("{2150E333-8FDC-42A3-9474-1A3956D46DE8}") = "Presentation", "Presentation", "{29B35E43-90DC-4E33-8BB7-D1A869AE7FE5}"
EndProject
Project("{2150E333-8FDC-42A3-9474-1A3956D46DE8}") = "WebUI", "WebUI", "{2B7908FA-A25A-4097-BEED-6A47D2C20076}"
EndProject
Project("{9A19103F-16F7-4668-BE54-9A1E7A4F7556}") = "E-commerceSystem.BlazorWasm", "src\Presentation\WebUI\E-commerceSystem.BlazorWasm\E-commerceSystem.BlazorWasm.csproj", "{D8EAA0DE-354A-449F-95AC-E672D299E219}"
EndProject
Project("{2150E333-8FDC-42A3-9474-1A3956D46DE8}") = "Solution Items", "Solution Items", "{E2DA20AA-28D1-455C-BF50-C49A8F831633}"
	ProjectSection(SolutionItems) = preProject
		.editorconfig = .editorconfig
		.gitignore = .gitignore
		Directory.Build.props = Directory.Build.props
		Directory.Packages.props = Directory.Packages.props
		global.json = global.json
		README.md = README.md
	EndProjectSection
EndProject
Project("{2150E333-8FDC-42A3-9474-1A3956D46DE8}") = "API", "API", "{845E7F38-2A66-4795-B3B6-38F654A3F0CC}"
EndProject
Project("{9A19103F-16F7-4668-BE54-9A1E7A4F7556}") = "E-commerceSystem.EmployeeAPI", "src\Presentation\API\E-commerceSystem.EmployeeAPI\E-commerceSystem.EmployeeAPI.csproj", "{53374F1A-D70D-4559-89BC-2D609CED55B3}"
EndProject
Global
	GlobalSection(SolutionConfigurationPlatforms) = preSolution
		Debug|Any CPU = Debug|Any CPU
		Release|Any CPU = Release|Any CPU
	EndGlobalSection
	GlobalSection(ProjectConfigurationPlatforms) = postSolution
		{194FEA20-F2AA-4489-9C80-A62235F4C48B}.Debug|Any CPU.ActiveCfg = Debug|Any CPU
		{194FEA20-F2AA-4489-9C80-A62235F4C48B}.Debug|Any CPU.Build.0 = Debug|Any CPU
		{194FEA20-F2AA-4489-9C80-A62235F4C48B}.Release|Any CPU.ActiveCfg = Release|Any CPU
		{194FEA20-F2AA-4489-9C80-A62235F4C48B}.Release|Any CPU.Build.0 = Release|Any CPU
		{C9726420-8053-41DF-9CA6-0049AA49B7FB}.Debug|Any CPU.ActiveCfg = Debug|Any CPU
		{C9726420-8053-41DF-9CA6-0049AA49B7FB}.Debug|Any CPU.Build.0 = Debug|Any CPU
		{C9726420-8053-41DF-9CA6-0049AA49B7FB}.Release|Any CPU.ActiveCfg = Release|Any CPU
		{C9726420-8053-41DF-9CA6-0049AA49B7FB}.Release|Any CPU.Build.0 = Release|Any CPU
		{6B65E001-F4AE-4718-8F8A-AF983D9636ED}.Debug|Any CPU.ActiveCfg = Debug|Any CPU
		{6B65E001-F4AE-4718-8F8A-AF983D9636ED}.Debug|Any CPU.Build.0 = Debug|Any CPU
		{6B65E001-F4AE-4718-8F8A-AF983D9636ED}.Release|Any CPU.ActiveCfg = Release|Any CPU
		{6B65E001-F4AE-4718-8F8A-AF983D9636ED}.Release|Any CPU.Build.0 = Release|Any CPU
		{EC35E550-6746-48B1-A659-A96AB4F5D468}.Debug|Any CPU.ActiveCfg = Debug|Any CPU
		{EC35E550-6746-48B1-A659-A96AB4F5D468}.Debug|Any CPU.Build.0 = Debug|Any CPU
		{EC35E550-6746-48B1-A659-A96AB4F5D468}.Release|Any CPU.ActiveCfg = Release|Any CPU
		{EC35E550-6746-48B1-A659-A96AB4F5D468}.Release|Any CPU.Build.0 = Release|Any CPU
		{D8EAA0DE-354A-449F-95AC-E672D299E219}.Debug|Any CPU.ActiveCfg = Debug|Any CPU
		{D8EAA0DE-354A-449F-95AC-E672D299E219}.Debug|Any CPU.Build.0 = Debug|Any CPU
		{D8EAA0DE-354A-449F-95AC-E672D299E219}.Release|Any CPU.ActiveCfg = Release|Any CPU
		{D8EAA0DE-354A-449F-95AC-E672D299E219}.Release|Any CPU.Build.0 = Release|Any CPU
		{2AC863AE-2400-43F0-B974-EA5A2F18914F}.Debug|Any CPU.ActiveCfg = Debug|Any CPU
		{2AC863AE-2400-43F0-B974-EA5A2F18914F}.Debug|Any CPU.Build.0 = Debug|Any CPU
		{2AC863AE-2400-43F0-B974-EA5A2F18914F}.Release|Any CPU.ActiveCfg = Release|Any CPU
		{2AC863AE-2400-43F0-B974-EA5A2F18914F}.Release|Any CPU.Build.0 = Release|Any CPU
		{53374F1A-D70D-4559-89BC-2D609CED55B3}.Debug|Any CPU.ActiveCfg = Debug|Any CPU
		{53374F1A-D70D-4559-89BC-2D609CED55B3}.Debug|Any CPU.Build.0 = Debug|Any CPU
		{53374F1A-D70D-4559-89BC-2D609CED55B3}.Release|Any CPU.ActiveCfg = Release|Any CPU
		{53374F1A-D70D-4559-89BC-2D609CED55B3}.Release|Any CPU.Build.0 = Release|Any CPU
	EndGlobalSection
	GlobalSection(SolutionProperties) = preSolution
		HideSolutionNode = FALSE
	EndGlobalSection
	GlobalSection(NestedProjects) = preSolution
		{8203666E-E71D-41E2-A780-0F34F0CBA8E7} = {6ED356A7-8B47-4613-AD01-C85CF28491BD}
		{194FEA20-F2AA-4489-9C80-A62235F4C48B} = {8203666E-E71D-41E2-A780-0F34F0CBA8E7}
		{C9726420-8053-41DF-9CA6-0049AA49B7FB} = {8203666E-E71D-41E2-A780-0F34F0CBA8E7}
		{2C28795F-D969-467E-8D84-6CFFCC453D71} = {6ED356A7-8B47-4613-AD01-C85CF28491BD}
		{6B65E001-F4AE-4718-8F8A-AF983D9636ED} = {2C28795F-D969-467E-8D84-6CFFCC453D71}
		{EC35E550-6746-48B1-A659-A96AB4F5D468} = {2C28795F-D969-467E-8D84-6CFFCC453D71}
		{29B35E43-90DC-4E33-8BB7-D1A869AE7FE5} = {6ED356A7-8B47-4613-AD01-C85CF28491BD}
		{2B7908FA-A25A-4097-BEED-6A47D2C20076} = {29B35E43-90DC-4E33-8BB7-D1A869AE7FE5}
		{D8EAA0DE-354A-449F-95AC-E672D299E219} = {2B7908FA-A25A-4097-BEED-6A47D2C20076}
		{2AC863AE-2400-43F0-B974-EA5A2F18914F} = {845E7F38-2A66-4795-B3B6-38F654A3F0CC}
		{845E7F38-2A66-4795-B3B6-38F654A3F0CC} = {29B35E43-90DC-4E33-8BB7-D1A869AE7FE5}
		{53374F1A-D70D-4559-89BC-2D609CED55B3} = {845E7F38-2A66-4795-B3B6-38F654A3F0CC}
	EndGlobalSection
	GlobalSection(ExtensibilityGlobals) = postSolution
		SolutionGuid = {7F456F79-DBE0-4159-A25C-486B42295041}
	EndGlobalSection
EndGlobal
